
Microsoft Visual Studio Solution File, Format Version 12.00
# Visual Studio Version 16
VisualStudioVersion = 16.0.30114.105
MinimumVisualStudioVersion = 10.0.40219.1
Project("{2150E333-8FDC-42A3-9474-1A3956D46DE8}") = "Application", "Application", "{233309EC-C73F-4DB4-9DA3-B94CDB245C50}"
EndProject
Project("{2150E333-8FDC-42A3-9474-1A3956D46DE8}") = "Domain", "Domain", "{01743091-9EA0-40C5-9BFA-E047AE0C3427}"
EndProject
Project("{2150E333-8FDC-42A3-9474-1A3956D46DE8}") = "Infra.IoC", "Infra.IoC", "{C6C2B7E4-288C-4882-A5F3-3BE3CD345C7E}"
EndProject
Project("{2150E333-8FDC-42A3-9474-1A3956D46DE8}") = "Infra.Data", "Infra.Data", "{B8AD1A09-55A4-44F2-90A4-6EECAC532746}"
EndProject
Project("{2150E333-8FDC-42A3-9474-1A3956D46DE8}") = "Presentation", "Presentation", "{432404F5-E0FC-4F38-A3D3-8402E33E9D41}"
EndProject
Project("{9A19103F-16F7-4668-BE54-9A1E7A4F7556}") = "CleanArch.Mvc", "CleanArch.Mvc\CleanArch.Mvc.csproj", "{BA05FA23-5367-420A-9C44-326C04BE8834}"
EndProject
Project("{9A19103F-16F7-4668-BE54-9A1E7A4F7556}") = "CleanArch.Domain", "CleanArch.Domain\CleanArch.Domain.csproj", "{0E351FCD-F4E9-4C3C-B805-7D8B615DD79D}"
EndProject
Project("{9A19103F-16F7-4668-BE54-9A1E7A4F7556}") = "CleanArch.Infra.Data", "CleanArch.Infra.Data\CleanArch.Infra.Data.csproj", "{C32DA3D7-4D5A-43AF-B2C1-13BBCB7C5EB4}"
EndProject
Project("{9A19103F-16F7-4668-BE54-9A1E7A4F7556}") = "CleanArch.Application", "CleanArch.Application\CleanArch.Application.csproj", "{29DB6996-FE39-4AB4-8A78-9545663EBEFB}"
EndProject
Project("{9A19103F-16F7-4668-BE54-9A1E7A4F7556}") = "CleanArch.Infra.IoC", "CleanArch.Infra.IoC\CleanArch.Infra.IoC.csproj", "{2D0B71EB-A7E4-48DD-A464-9EBB3C66DD74}"
EndProject
Project("{2150E333-8FDC-42A3-9474-1A3956D46DE8}") = "Infra.Bus", "Infra.Bus", "{980572D7-FF1B-4C34-8E7E-852EB0EBE926}"
EndProject
Project("{2150E333-8FDC-42A3-9474-1A3956D46DE8}") = "Api", "Api", "{7FE5FEFC-4E62-4CD6-9707-6498BB1FBCCD}"
EndProject
Project("{FAE04EC0-301F-11D3-BF4B-00C04F79EFBC}") = "CleanArch.Infra.Bus", "CleanArch.Infra.Bus\CleanArch.Infra.Bus.csproj", "{50A98000-007E-4D38-9AF9-E78572628D64}"
EndProject
Project("{FAE04EC0-301F-11D3-BF4B-00C04F79EFBC}") = "CleanArch.Domain.Core", "CleanArch.Domain.Core\CleanArch.Domain.Core.csproj", "{6B7C5E9D-CBFA-4905-A542-C9E794A5036D}"
EndProject
Global
	GlobalSection(SolutionConfigurationPlatforms) = preSolution
		Debug|Any CPU = Debug|Any CPU
		Debug|x64 = Debug|x64
		Debug|x86 = Debug|x86
		Release|Any CPU = Release|Any CPU
		Release|x64 = Release|x64
		Release|x86 = Release|x86
	EndGlobalSection
	GlobalSection(ProjectConfigurationPlatforms) = postSolution
		{BA05FA23-5367-420A-9C44-326C04BE8834}.Debug|Any CPU.ActiveCfg = Debug|Any CPU
		{BA05FA23-5367-420A-9C44-326C04BE8834}.Debug|Any CPU.Build.0 = Debug|Any CPU
		{BA05FA23-5367-420A-9C44-326C04BE8834}.Debug|x64.ActiveCfg = Debug|Any CPU
		{BA05FA23-5367-420A-9C44-326C04BE8834}.Debug|x64.Build.0 = Debug|Any CPU
		{BA05FA23-5367-420A-9C44-326C04BE8834}.Debug|x86.ActiveCfg = Debug|Any CPU
		{BA05FA23-5367-420A-9C44-326C04BE8834}.Debug|x86.Build.0 = Debug|Any CPU
		{BA05FA23-5367-420A-9C44-326C04BE8834}.Release|Any CPU.ActiveCfg = Release|Any CPU
		{BA05FA23-5367-420A-9C44-326C04BE8834}.Release|Any CPU.Build.0 = Release|Any CPU
		{BA05FA23-5367-420A-9C44-326C04BE8834}.Release|x64.ActiveCfg = Release|Any CPU
		{BA05FA23-5367-420A-9C44-326C04BE8834}.Release|x64.Build.0 = Release|Any CPU
		{BA05FA23-5367-420A-9C44-326C04BE8834}.Release|x86.ActiveCfg = Release|Any CPU
		{BA05FA23-5367-420A-9C44-326C04BE8834}.Release|x86.Build.0 = Release|Any CPU
		{0E351FCD-F4E9-4C3C-B805-7D8B615DD79D}.Debug|Any CPU.ActiveCfg = Debug|Any CPU
		{0E351FCD-F4E9-4C3C-B805-7D8B615DD79D}.Debug|Any CPU.Build.0 = Debug|Any CPU
		{0E351FCD-F4E9-4C3C-B805-7D8B615DD79D}.Debug|x64.ActiveCfg = Debug|Any CPU
		{0E351FCD-F4E9-4C3C-B805-7D8B615DD79D}.Debug|x64.Build.0 = Debug|Any CPU
		{0E351FCD-F4E9-4C3C-B805-7D8B615DD79D}.Debug|x86.ActiveCfg = Debug|Any CPU
		{0E351FCD-F4E9-4C3C-B805-7D8B615DD79D}.Debug|x86.Build.0 = Debug|Any CPU
		{0E351FCD-F4E9-4C3C-B805-7D8B615DD79D}.Release|Any CPU.ActiveCfg = Release|Any CPU
		{0E351FCD-F4E9-4C3C-B805-7D8B615DD79D}.Release|Any CPU.Build.0 = Release|Any CPU
		{0E351FCD-F4E9-4C3C-B805-7D8B615DD79D}.Release|x64.ActiveCfg = Release|Any CPU
		{0E351FCD-F4E9-4C3C-B805-7D8B615DD79D}.Release|x64.Build.0 = Release|Any CPU
		{0E351FCD-F4E9-4C3C-B805-7D8B615DD79D}.Release|x86.ActiveCfg = Release|Any CPU
		{0E351FCD-F4E9-4C3C-B805-7D8B615DD79D}.Release|x86.Build.0 = Release|Any CPU
		{C32DA3D7-4D5A-43AF-B2C1-13BBCB7C5EB4}.Debug|Any CPU.ActiveCfg = Debug|Any CPU
		{C32DA3D7-4D5A-43AF-B2C1-13BBCB7C5EB4}.Debug|Any CPU.Build.0 = Debug|Any CPU
		{C32DA3D7-4D5A-43AF-B2C1-13BBCB7C5EB4}.Debug|x64.ActiveCfg = Debug|Any CPU
		{C32DA3D7-4D5A-43AF-B2C1-13BBCB7C5EB4}.Debug|x64.Build.0 = Debug|Any CPU
		{C32DA3D7-4D5A-43AF-B2C1-13BBCB7C5EB4}.Debug|x86.ActiveCfg = Debug|Any CPU
		{C32DA3D7-4D5A-43AF-B2C1-13BBCB7C5EB4}.Debug|x86.Build.0 = Debug|Any CPU
		{C32DA3D7-4D5A-43AF-B2C1-13BBCB7C5EB4}.Release|Any CPU.ActiveCfg = Release|Any CPU
		{C32DA3D7-4D5A-43AF-B2C1-13BBCB7C5EB4}.Release|Any CPU.Build.0 = Release|Any CPU
		{C32DA3D7-4D5A-43AF-B2C1-13BBCB7C5EB4}.Release|x64.ActiveCfg = Release|Any CPU
		{C32DA3D7-4D5A-43AF-B2C1-13BBCB7C5EB4}.Release|x64.Build.0 = Release|Any CPU
		{C32DA3D7-4D5A-43AF-B2C1-13BBCB7C5EB4}.Release|x86.ActiveCfg = Release|Any CPU
		{C32DA3D7-4D5A-43AF-B2C1-13BBCB7C5EB4}.Release|x86.Build.0 = Release|Any CPU
		{29DB6996-FE39-4AB4-8A78-9545663EBEFB}.Debug|Any CPU.ActiveCfg = Debug|Any CPU
		{29DB6996-FE39-4AB4-8A78-9545663EBEFB}.Debug|Any CPU.Build.0 = Debug|Any CPU
		{29DB6996-FE39-4AB4-8A78-9545663EBEFB}.Debug|x64.ActiveCfg = Debug|Any CPU
		{29DB6996-FE39-4AB4-8A78-9545663EBEFB}.Debug|x64.Build.0 = Debug|Any CPU
		{29DB6996-FE39-4AB4-8A78-9545663EBEFB}.Debug|x86.ActiveCfg = Debug|Any CPU
		{29DB6996-FE39-4AB4-8A78-9545663EBEFB}.Debug|x86.Build.0 = Debug|Any CPU
		{29DB6996-FE39-4AB4-8A78-9545663EBEFB}.Release|Any CPU.ActiveCfg = Release|Any CPU
		{29DB6996-FE39-4AB4-8A78-9545663EBEFB}.Release|Any CPU.Build.0 = Release|Any CPU
		{29DB6996-FE39-4AB4-8A78-9545663EBEFB}.Release|x64.ActiveCfg = Release|Any CPU
		{29DB6996-FE39-4AB4-8A78-9545663EBEFB}.Release|x64.Build.0 = Release|Any CPU
		{29DB6996-FE39-4AB4-8A78-9545663EBEFB}.Release|x86.ActiveCfg = Release|Any CPU
		{29DB6996-FE39-4AB4-8A78-9545663EBEFB}.Release|x86.Build.0 = Release|Any CPU
		{2D0B71EB-A7E4-48DD-A464-9EBB3C66DD74}.Debug|Any CPU.ActiveCfg = Debug|Any CPU
		{2D0B71EB-A7E4-48DD-A464-9EBB3C66DD74}.Debug|Any CPU.Build.0 = Debug|Any CPU
		{2D0B71EB-A7E4-48DD-A464-9EBB3C66DD74}.Debug|x64.ActiveCfg = Debug|Any CPU
		{2D0B71EB-A7E4-48DD-A464-9EBB3C66DD74}.Debug|x64.Build.0 = Debug|Any CPU
		{2D0B71EB-A7E4-48DD-A464-9EBB3C66DD74}.Debug|x86.ActiveCfg = Debug|Any CPU
		{2D0B71EB-A7E4-48DD-A464-9EBB3C66DD74}.Debug|x86.Build.0 = Debug|Any CPU
		{2D0B71EB-A7E4-48DD-A464-9EBB3C66DD74}.Release|Any CPU.ActiveCfg = Release|Any CPU
		{2D0B71EB-A7E4-48DD-A464-9EBB3C66DD74}.Release|Any CPU.Build.0 = Release|Any CPU
		{2D0B71EB-A7E4-48DD-A464-9EBB3C66DD74}.Release|x64.ActiveCfg = Release|Any CPU
		{2D0B71EB-A7E4-48DD-A464-9EBB3C66DD74}.Release|x64.Build.0 = Release|Any CPU
		{2D0B71EB-A7E4-48DD-A464-9EBB3C66DD74}.Release|x86.ActiveCfg = Release|Any CPU
		{2D0B71EB-A7E4-48DD-A464-9EBB3C66DD74}.Release|x86.Build.0 = Release|Any CPU
		{50A98000-007E-4D38-9AF9-E78572628D64}.Debug|Any CPU.ActiveCfg = Debug|Any CPU
		{50A98000-007E-4D38-9AF9-E78572628D64}.Debug|Any CPU.Build.0 = Debug|Any CPU
		{50A98000-007E-4D38-9AF9-E78572628D64}.Debug|x64.ActiveCfg = Debug|Any CPU
		{50A98000-007E-4D38-9AF9-E78572628D64}.Debug|x64.Build.0 = Debug|Any CPU
		{50A98000-007E-4D38-9AF9-E78572628D64}.Debug|x86.ActiveCfg = Debug|Any CPU
		{50A98000-007E-4D38-9AF9-E78572628D64}.Debug|x86.Build.0 = Debug|Any CPU
		{50A98000-007E-4D38-9AF9-E78572628D64}.Release|Any CPU.ActiveCfg = Release|Any CPU
		{50A98000-007E-4D38-9AF9-E78572628D64}.Release|Any CPU.Build.0 = Release|Any CPU
		{50A98000-007E-4D38-9AF9-E78572628D64}.Release|x64.ActiveCfg = Release|Any CPU
		{50A98000-007E-4D38-9AF9-E78572628D64}.Release|x64.Build.0 = Release|Any CPU
		{50A98000-007E-4D38-9AF9-E78572628D64}.Release|x86.ActiveCfg = Release|Any CPU
		{50A98000-007E-4D38-9AF9-E78572628D64}.Release|x86.Build.0 = Release|Any CPU
		{6B7C5E9D-CBFA-4905-A542-C9E794A5036D}.Debug|Any CPU.ActiveCfg = Debug|Any CPU
		{6B7C5E9D-CBFA-4905-A542-C9E794A5036D}.Debug|Any CPU.Build.0 = Debug|Any CPU
		{6B7C5E9D-CBFA-4905-A542-C9E794A5036D}.Debug|x64.ActiveCfg = Debug|Any CPU
		{6B7C5E9D-CBFA-4905-A542-C9E794A5036D}.Debug|x64.Build.0 = Debug|Any CPU
		{6B7C5E9D-CBFA-4905-A542-C9E794A5036D}.Debug|x86.ActiveCfg = Debug|Any CPU
		{6B7C5E9D-CBFA-4905-A542-C9E794A5036D}.Debug|x86.Build.0 = Debug|Any CPU
		{6B7C5E9D-CBFA-4905-A542-C9E794A5036D}.Release|Any CPU.ActiveCfg = Release|Any CPU
		{6B7C5E9D-CBFA-4905-A542-C9E794A5036D}.Release|Any CPU.Build.0 = Release|Any CPU
		{6B7C5E9D-CBFA-4905-A542-C9E794A5036D}.Release|x64.ActiveCfg = Release|Any CPU
		{6B7C5E9D-CBFA-4905-A542-C9E794A5036D}.Release|x64.Build.0 = Release|Any CPU
		{6B7C5E9D-CBFA-4905-A542-C9E794A5036D}.Release|x86.ActiveCfg = Release|Any CPU
		{6B7C5E9D-CBFA-4905-A542-C9E794A5036D}.Release|x86.Build.0 = Release|Any CPU
	EndGlobalSection
	GlobalSection(SolutionProperties) = preSolution
		HideSolutionNode = FALSE
	EndGlobalSection
	GlobalSection(NestedProjects) = preSolution
		{BA05FA23-5367-420A-9C44-326C04BE8834} = {432404F5-E0FC-4F38-A3D3-8402E33E9D41}
		{0E351FCD-F4E9-4C3C-B805-7D8B615DD79D} = {01743091-9EA0-40C5-9BFA-E047AE0C3427}
		{C32DA3D7-4D5A-43AF-B2C1-13BBCB7C5EB4} = {B8AD1A09-55A4-44F2-90A4-6EECAC532746}
		{29DB6996-FE39-4AB4-8A78-9545663EBEFB} = {233309EC-C73F-4DB4-9DA3-B94CDB245C50}
		{2D0B71EB-A7E4-48DD-A464-9EBB3C66DD74} = {C6C2B7E4-288C-4882-A5F3-3BE3CD345C7E}
		{50A98000-007E-4D38-9AF9-E78572628D64} = {980572D7-FF1B-4C34-8E7E-852EB0EBE926}
		{6B7C5E9D-CBFA-4905-A542-C9E794A5036D} = {01743091-9EA0-40C5-9BFA-E047AE0C3427}
	EndGlobalSection
	GlobalSection(ExtensibilityGlobals) = postSolution
		SolutionGuid = {99E4B0A5-F1C0-498F-8270-1ABED95E98AF}
	EndGlobalSection
EndGlobal
